
Microsoft Visual Studio Solution File, Format Version 12.00
# Visual Studio Version 17
VisualStudioVersion = 17.0.31903.59
MinimumVisualStudioVersion = 10.0.40219.1
Project("{FAE04EC0-301F-11D3-BF4B-00C04F79EFBC}") = "TodoApp.api", "TodoApp.api\TodoApp.api.csproj", "{2BDD4D55-91D4-4591-A0D0-D56E642A2D0B}"
EndProject
Project("{FAE04EC0-301F-11D3-BF4B-00C04F79EFBC}") = "TodoApp.Domain", "TodoApp.Domain\TodoApp.Domain.csproj", "{D31A4176-92C3-4EAF-8AEF-03D84D4E8CBF}"
EndProject
Project("{FAE04EC0-301F-11D3-BF4B-00C04F79EFBC}") = "TodoApp.Application", "TodoApp.Application\TodoApp.Application.csproj", "{C1220A46-DD33-4599-85AA-6CEFA066D6E6}"
EndProject
Project("{FAE04EC0-301F-11D3-BF4B-00C04F79EFBC}") = "TodoApp.Infrastructure", "TodoApp.Infrastructure\TodoApp.Infrastructure.csproj", "{9CC89344-222D-43CE-B3A0-9345FADD6C4F}"
EndProject
Project("{FAE04EC0-301F-11D3-BF4B-00C04F79EFBC}") = "TodoApp.Tests", "TodoApp.Tests\TodoApp.Tests.csproj", "{15AEA58A-30F4-4EF5-BAC7-3EB0A2611C7A}"
EndProject
Global
	GlobalSection(SolutionConfigurationPlatforms) = preSolution
		Debug|Any CPU = Debug|Any CPU
		Debug|x64 = Debug|x64
		Debug|x86 = Debug|x86
		Release|Any CPU = Release|Any CPU
		Release|x64 = Release|x64
		Release|x86 = Release|x86
	EndGlobalSection
	GlobalSection(ProjectConfigurationPlatforms) = postSolution
		{2BDD4D55-91D4-4591-A0D0-D56E642A2D0B}.Debug|Any CPU.ActiveCfg = Debug|Any CPU
		{2BDD4D55-91D4-4591-A0D0-D56E642A2D0B}.Debug|Any CPU.Build.0 = Debug|Any CPU
		{2BDD4D55-91D4-4591-A0D0-D56E642A2D0B}.Debug|x64.ActiveCfg = Debug|Any CPU
		{2BDD4D55-91D4-4591-A0D0-D56E642A2D0B}.Debug|x64.Build.0 = Debug|Any CPU
		{2BDD4D55-91D4-4591-A0D0-D56E642A2D0B}.Debug|x86.ActiveCfg = Debug|Any CPU
		{2BDD4D55-91D4-4591-A0D0-D56E642A2D0B}.Debug|x86.Build.0 = Debug|Any CPU
		{2BDD4D55-91D4-4591-A0D0-D56E642A2D0B}.Release|Any CPU.ActiveCfg = Release|Any CPU
		{2BDD4D55-91D4-4591-A0D0-D56E642A2D0B}.Release|Any CPU.Build.0 = Release|Any CPU
		{2BDD4D55-91D4-4591-A0D0-D56E642A2D0B}.Release|x64.ActiveCfg = Release|Any CPU
		{2BDD4D55-91D4-4591-A0D0-D56E642A2D0B}.Release|x64.Build.0 = Release|Any CPU
		{2BDD4D55-91D4-4591-A0D0-D56E642A2D0B}.Release|x86.ActiveCfg = Release|Any CPU
		{2BDD4D55-91D4-4591-A0D0-D56E642A2D0B}.Release|x86.Build.0 = Release|Any CPU
		{D31A4176-92C3-4EAF-8AEF-03D84D4E8CBF}.Debug|Any CPU.ActiveCfg = Debug|Any CPU
		{D31A4176-92C3-4EAF-8AEF-03D84D4E8CBF}.Debug|Any CPU.Build.0 = Debug|Any CPU
		{D31A4176-92C3-4EAF-8AEF-03D84D4E8CBF}.Debug|x64.ActiveCfg = Debug|Any CPU
		{D31A4176-92C3-4EAF-8AEF-03D84D4E8CBF}.Debug|x64.Build.0 = Debug|Any CPU
		{D31A4176-92C3-4EAF-8AEF-03D84D4E8CBF}.Debug|x86.ActiveCfg = Debug|Any CPU
		{D31A4176-92C3-4EAF-8AEF-03D84D4E8CBF}.Debug|x86.Build.0 = Debug|Any CPU
		{D31A4176-92C3-4EAF-8AEF-03D84D4E8CBF}.Release|Any CPU.ActiveCfg = Release|Any CPU
		{D31A4176-92C3-4EAF-8AEF-03D84D4E8CBF}.Release|Any CPU.Build.0 = Release|Any CPU
		{D31A4176-92C3-4EAF-8AEF-03D84D4E8CBF}.Release|x64.ActiveCfg = Release|Any CPU
		{D31A4176-92C3-4EAF-8AEF-03D84D4E8CBF}.Release|x64.Build.0 = Release|Any CPU
		{D31A4176-92C3-4EAF-8AEF-03D84D4E8CBF}.Release|x86.ActiveCfg = Release|Any CPU
		{D31A4176-92C3-4EAF-8AEF-03D84D4E8CBF}.Release|x86.Build.0 = Release|Any CPU
		{C1220A46-DD33-4599-85AA-6CEFA066D6E6}.Debug|Any CPU.ActiveCfg = Debug|Any CPU
		{C1220A46-DD33-4599-85AA-6CEFA066D6E6}.Debug|Any CPU.Build.0 = Debug|Any CPU
		{C1220A46-DD33-4599-85AA-6CEFA066D6E6}.Debug|x64.ActiveCfg = Debug|Any CPU
		{C1220A46-DD33-4599-85AA-6CEFA066D6E6}.Debug|x64.Build.0 = Debug|Any CPU
		{C1220A46-DD33-4599-85AA-6CEFA066D6E6}.Debug|x86.ActiveCfg = Debug|Any CPU
		{C1220A46-DD33-4599-85AA-6CEFA066D6E6}.Debug|x86.Build.0 = Debug|Any CPU
		{C1220A46-DD33-4599-85AA-6CEFA066D6E6}.Release|Any CPU.ActiveCfg = Release|Any CPU
		{C1220A46-DD33-4599-85AA-6CEFA066D6E6}.Release|Any CPU.Build.0 = Release|Any CPU
		{C1220A46-DD33-4599-85AA-6CEFA066D6E6}.Release|x64.ActiveCfg = Release|Any CPU
		{C1220A46-DD33-4599-85AA-6CEFA066D6E6}.Release|x64.Build.0 = Release|Any CPU
		{C1220A46-DD33-4599-85AA-6CEFA066D6E6}.Release|x86.ActiveCfg = Release|Any CPU
		{C1220A46-DD33-4599-85AA-6CEFA066D6E6}.Release|x86.Build.0 = Release|Any CPU
		{9CC89344-222D-43CE-B3A0-9345FADD6C4F}.Debug|Any CPU.ActiveCfg = Debug|Any CPU
		{9CC89344-222D-43CE-B3A0-9345FADD6C4F}.Debug|Any CPU.Build.0 = Debug|Any CPU
		{9CC89344-222D-43CE-B3A0-9345FADD6C4F}.Debug|x64.ActiveCfg = Debug|Any CPU
		{9CC89344-222D-43CE-B3A0-9345FADD6C4F}.Debug|x64.Build.0 = Debug|Any CPU
		{9CC89344-222D-43CE-B3A0-9345FADD6C4F}.Debug|x86.ActiveCfg = Debug|Any CPU
		{9CC89344-222D-43CE-B3A0-9345FADD6C4F}.Debug|x86.Build.0 = Debug|Any CPU
		{9CC89344-222D-43CE-B3A0-9345FADD6C4F}.Release|Any CPU.ActiveCfg = Release|Any CPU
		{9CC89344-222D-43CE-B3A0-9345FADD6C4F}.Release|Any CPU.Build.0 = Release|Any CPU
		{9CC89344-222D-43CE-B3A0-9345FADD6C4F}.Release|x64.ActiveCfg = Release|Any CPU
		{9CC89344-222D-43CE-B3A0-9345FADD6C4F}.Release|x64.Build.0 = Release|Any CPU
		{9CC89344-222D-43CE-B3A0-9345FADD6C4F}.Release|x86.ActiveCfg = Release|Any CPU
		{9CC89344-222D-43CE-B3A0-9345FADD6C4F}.Release|x86.Build.0 = Release|Any CPU
		{15AEA58A-30F4-4EF5-BAC7-3EB0A2611C7A}.Debug|Any CPU.ActiveCfg = Debug|Any CPU
		{15AEA58A-30F4-4EF5-BAC7-3EB0A2611C7A}.Debug|Any CPU.Build.0 = Debug|Any CPU
		{15AEA58A-30F4-4EF5-BAC7-3EB0A2611C7A}.Debug|x64.ActiveCfg = Debug|Any CPU
		{15AEA58A-30F4-4EF5-BAC7-3EB0A2611C7A}.Debug|x64.Build.0 = Debug|Any CPU
		{15AEA58A-30F4-4EF5-BAC7-3EB0A2611C7A}.Debug|x86.ActiveCfg = Debug|Any CPU
		{15AEA58A-30F4-4EF5-BAC7-3EB0A2611C7A}.Debug|x86.Build.0 = Debug|Any CPU
		{15AEA58A-30F4-4EF5-BAC7-3EB0A2611C7A}.Release|Any CPU.ActiveCfg = Release|Any CPU
		{15AEA58A-30F4-4EF5-BAC7-3EB0A2611C7A}.Release|Any CPU.Build.0 = Release|Any CPU
		{15AEA58A-30F4-4EF5-BAC7-3EB0A2611C7A}.Release|x64.ActiveCfg = Release|Any CPU
		{15AEA58A-30F4-4EF5-BAC7-3EB0A2611C7A}.Release|x64.Build.0 = Release|Any CPU
		{15AEA58A-30F4-4EF5-BAC7-3EB0A2611C7A}.Release|x86.ActiveCfg = Release|Any CPU
		{15AEA58A-30F4-4EF5-BAC7-3EB0A2611C7A}.Release|x86.Build.0 = Release|Any CPU
	EndGlobalSection
	GlobalSection(SolutionProperties) = preSolution
		HideSolutionNode = FALSE
	EndGlobalSection
EndGlobal
